contract:
  repo: https://github.com/jho951/contract
  ref: main
  commit: 12dc214ed7e0c9c2290add6972cd35be13634743

service:
  name: user-service
  branch: main
  role: backend-service
  consumes:
    - contracts/common/routing.md
    - contracts/common/headers.md
    - contracts/common/security.md
    - contracts/common/errors.md
    - contracts/user/**
    - contracts/auth/**

validation:
  openapi: true
  schema: true
  routing: true
  headers: true
  errors: true
  security: true

notes:
  owner: user-service
  automation_level: guardrail
